// !$*UTF8*$!
{
	archiveVersion = 1;
	classes = {
	};
	objectVersion = 46;
	objects = {

/* Begin PBXBuildFile section */
		D1D4BCF61B7E0144001344EB /* main.m in Sources */ = {isa = PBXBuildFile; fileRef = D1D4BCF51B7E0144001344EB /* main.m */; };
		D1D4BCFD1B7E0247001344EB /* QuartzCore.framework in Frameworks */ = {isa = PBXBuildFile; fileRef = D1D4BCFC1B7E0247001344EB /* QuartzCore.framework */; };
		D1D4BCFF1B7E032F001344EB /* Quartz.framework in Frameworks */ = {isa = PBXBuildFile; fileRef = D1D4BCFE1B7E032F001344EB /* Quartz.framework */; };
/* End PBXBuildFile section */

/* Begin PBXCopyFilesBuildPhase section */
		D1D4BCF01B7E0144001344EB /* CopyFiles */ = {
			isa = PBXCopyFilesBuildPhase;
			buildActionMask = 2147483647;
			dstPath = /usr/share/man/man1/;
			dstSubfolderSpec = 0;
			files = (
			);
			runOnlyForDeploymentPostprocessing = 1;
		};
/* End PBXCopyFilesBuildPhase section */

/* Begin PBXFileReference section */
		D1D4BCF21B7E0144001344EB /* createQR_mac */ = {isa = PBXFileReference; explicitFileType = "compiled.mach-o.executable"; includeInIndex = 0; path = createQR_mac; sourceTree = BUILT_PRODUCTS_DIR; };
		D1D4BCF51B7E0144001344EB /* main.m */ = {isa = PBXFileReference; lastKnownFileType = sourcecode.c.objc; path = main.m; sourceTree = "<group>"; };
		D1D4BCFC1B7E0247001344EB /* QuartzCore.framework */ = {isa = PBXFileReference; lastKnownFileType = wrapper.framework; name = QuartzCore.framework; path = System/Library/Frameworks/QuartzCore.framework; sourceTree = SDKROOT; };
		D1D4BCFE1B7E032F001344EB /* Quartz.framework */ = {isa = PBXFileReference; lastKnownFileType = wrapper.framework; name = Quartz.framework; path = System/Library/Frameworks/Quartz.framework; sourceTree = SDKROOT; };
/* End PBXFileReference section */

/* Begin PBXFrameworksBuildPhase section */
		D1D4BCEF1B7E0144001344EB /* Frameworks */ = {
			isa = PBXFrameworksBuildPhase;
			buildActionMask = 2147483647;
			files = (
				D1D4BCFF1B7E032F001344EB /* Quartz.framework in Frameworks */,
				D1D4BCFD1B7E0247001344EB /* QuartzCore.framework in Frameworks */,
			);
			runOnlyForDeploymentPostprocessing = 0;
		};
/* End PBXFrameworksBuildPhase section */

/* Begin PBXGroup section */
		D1D4BCE91B7E0144001344EB = {
			isa = PBXGroup;
			children = (
				D1D4BCFE1B7E032F001344EB /* Quartz.framework */,
				D1D4BCFC1B7E0247001344EB /* QuartzCore.framework */,
				D1D4BCF41B7E0144001344EB /* createQR_mac */,
				D1D4BCF31B7E0144001344EB /* Products */,
			);
			sourceTree = "<group>";
		};
		D1D4BCF31B7E0144001344EB /* Products */ = {
			isa = PBXGroup;
			children = (
				D1D4BCF21B7E0144001344EB /* createQR_mac */,
			);
			name = Products;
			sourceTree = "<group>";
		};
		D1D4BCF41B7E0144001344EB /* createQR_mac */ = {
			isa = PBXGroup;
			children = (
				D1D4BCF51B7E0144001344EB /* main.m */,
			);
			path = createQR_mac;
			sourceTree = "<group>";
		};
/* End PBXGroup section */

/* Begin PBXNativeTarget section */
		D1D4BCF11B7E0144001344EB /* createQR_mac */ = {
			isa = PBXNativeTarget;
			buildConfigurationList = D1D4BCF91B7E0144001344EB /* Build configuration list for PBXNativeTarget "createQR_mac" */;
			buildPhases = (
				D1D4BCEE1B7E0144001344EB /* Sources */,
				D1D4BCEF1B7E0144001344EB /* Frameworks */,
				D1D4BCF01B7E0144001344EB /* CopyFiles */,
			);
			buildRules = (
			);
			dependencies = (
			);
			name = createQR_mac;
			productName = createQR_mac;
			productReference = D1D4BCF21B7E0144001344EB /* createQR_mac */;
			productType = "com.apple.product-type.tool";
		};
/* End PBXNativeTarget section */

/* Begin PBXProject section */
		D1D4BCEA1B7E0144001344EB /* Project object */ = {
			isa = PBXProject;
			attributes = {
				LastUpgradeCheck = 0640;
				ORGANIZATIONNAME = arara;
				TargetAttributes = {
					D1D4BCF11B7E0144001344EB = {
						CreatedOnToolsVersion = 6.4;
					};
				};
			};
			buildConfigurationList = D1D4BCED1B7E0144001344EB /* Build configuration list for PBXProject "createQR_mac" */;
			compatibilityVersion = "Xcode 3.2";
			developmentRegion = English;
			hasScannedForEncodings = 0;
			knownRegions = (
				en,
			);
			mainGroup = D1D4BCE91B7E0144001344EB;
			productRefGroup = D1D4BCF31B7E0144001344EB /* Products */;
			projectDirPath = "";
			projectRoot = "";
			targets = (
				D1D4BCF11B7E0144001344EB /* createQR_mac */,
			);
		};
/* End PBXProject section */

/* Begin PBXSourcesBuildPhase section */
		D1D4BCEE1B7E0144001344EB /* Sources */ = {
			isa = PBXSourcesBuildPhase;
			buildActionMask = 2147483647;
			files = (
				D1D4BCF61B7E0144001344EB /* main.m in Sources */,
			);
			runOnlyForDeploymentPostprocessing = 0;
		};
/* End PBXSourcesBuildPhase section */

/* Begin XCBuildConfiguration section */
		D1D4BCF71B7E0144001344EB /* Debug */ = {
			isa = XCBuildConfiguration;
			buildSettings = {
				ALWAYS_SEARCH_USER_PATHS = NO;
				CLANG_CXX_LANGUAGE_STANDARD = "gnu++0x";
				CLANG_CXX_LIBRARY = "libc++";
				CLANG_ENABLE_MODULES = YES;
				CLANG_ENABLE_OBJC_ARC = YES;
				CLANG_WARN_BOOL_CONVERSION = YES;
				CLANG_WARN_CONSTANT_CONVERSION = YES;
				CLANG_WARN_DIRECT_OBJC_ISA_USAGE = YES_ERROR;
				CLANG_WARN_EMPTY_BODY = YES;
				CLANG_WARN_ENUM_CONVERSION = YES;
				CLANG_WARN_INT_CONVERSION = YES;
				CLANG_WARN_OBJC_ROOT_CLASS = YES_ERROR;
				CLANG_WARN_UNREACHABLE_CODE = YES;
				CLANG_WARN__DUPLICATE_METHOD_MATCH = YES;
				COPY_PHASE_STRIP = NO;
				DEBUG_INFORMATION_FORMAT = dwarf;
				ENABLE_STRICT_OBJC_MSGSEND = YES;
				GCC_C_LANGUAGE_STANDARD = gnu99;
				GCC_DYNAMIC_NO_PIC = NO;
				GCC_NO_COMMON_BLOCKS = YES;
				GCC_OPTIMIZATION_LEVEL = 0;
				GCC_PREPROCESSOR_DEFINITIONS = (
					"DEBUG=1",
					"$(inherited)",
				);
				GCC_SYMBOLS_PRIVATE_EXTERN = NO;
				GCC_WARN_64_TO_32_BIT_CONVERSION = YES;
				GCC_WARN_ABOUT_RETURN_TYPE = YES_ERROR;
				GCC_WARN_UNDECLARED_SELECTOR = YES;
				GCC_WARN_UNINITIALIZED_AUTOS = YES_AGGRESSIVE;
				GCC_WARN_UNUSED_FUNCTION = YES;
				GCC_WARN_UNUSED_VARIABLE = YES;
				MACOSX_DEPLOYMENT_TARGET = 10.10;
				MTL_ENABLE_DEBUG_INFO = YES;
				ONLY_ACTIVE_ARCH = YES;
				SDKROOT = macosx;
			};
			name = Debug;
		};
		D1D4BCF81B7E0144001344EB /* Release */ = {
			isa = XCBuildConfiguration;
			buildSettings = {
				ALWAYS_SEARCH_USER_PATHS = NO;
				CLANG_CXX_LANGUAGE_STANDARD = "gnu++0x";
				CLANG_CXX_LIBRARY = "libc++";
				CLANG_ENABLE_MODULES = YES;
				CLANG_ENABLE_OBJC_ARC = YES;
				CLANG_WARN_BOOL_CONVERSION = YES;
				CLANG_WARN_CONSTANT_CONVERSION = YES;
				CLANG_WARN_DIRECT_OBJC_ISA_USAGE = YES_ERROR;
				CLANG_WARN_EMPTY_BODY = YES;
				CLANG_WARN_ENUM_CONVERSION = YES;
				CLANG_WARN_INT_CONVERSION = YES;
				CLANG_WARN_OBJC_ROOT_CLASS = YES_ERROR;
				CLANG_WARN_UNREACHABLE_CODE = YES;
				CLANG_WARN__DUPLICATE_METHOD_MATCH = YES;
				COPY_PHASE_STRIP = NO;
				DEBUG_INFORMATION_FORMAT = "dwarf-with-dsym";
				ENABLE_NS_ASSERTIONS = NO;
				ENABLE_STRICT_OBJC_MSGSEND = YES;
				GCC_C_LANGUAGE_STANDARD = gnu99;
				GCC_NO_COMMON_BLOCKS = YES;
				GCC_WARN_64_TO_32_BIT_CONVERSION = YES;
				GCC_WARN_ABOUT_RETURN_TYPE = YES_ERROR;
				GCC_WARN_UNDECLARED_SELECTOR = YES;
				GCC_WARN_UNINITIALIZED_AUTOS = YES_AGGRESSIVE;
				GCC_WARN_UNUSED_FUNCTION = YES;
				GCC_WARN_UNUSED_VARIABLE = YES;
				MACOSX_DEPLOYMENT_TARGET = 10.10;
				MTL_ENABLE_DEBUG_INFO = NO;
				SDKROOT = macosx;
			};
			name = Release;
		};
		D1D4BCFA1B7E0144001344EB /* Debug */ = {
			isa = XCBuildConfiguration;
			buildSettings = {
				PRODUCT_NAME = "$(TARGET_NAME)";
			};
			name = Debug;
		};
		D1D4BCFB1B7E0144001344EB /* Release */ = {
			isa = XCBuildConfiguration;
			buildSettings = {
				PRODUCT_NAME = "$(TARGET_NAME)";
			};
			name = Release;
		};
/* End XCBuildConfiguration section */

/* Begin XCConfigurationList section */
		D1D4BCED1B7E0144001344EB /* Build configuration list for PBXProject "createQR_mac" */ = {
			isa = XCConfigurationList;
			buildConfigurations = (
				D1D4BCF71B7E0144001344EB /* Debug */,
				D1D4BCF81B7E0144001344EB /* Release */,
			);
			defaultConfigurationIsVisible = 0;
			defaultConfigurationName = Release;
		};
		D1D4BCF91B7E0144001344EB /* Build configuration list for PBXNativeTarget "createQR_mac" */ = {
			isa = XCConfigurationList;
			buildConfigurations = (
				D1D4BCFA1B7E0144001344EB /* Debug */,
				D1D4BCFB1B7E0144001344EB /* Release */,
			);
			defaultConfigurationIsVisible = 0;
		};
/* End XCConfigurationList section */
	};
	rootObject = D1D4BCEA1B7E0144001344EB /* Project object */;
}
